
Microsoft Visual Studio Solution File, Format Version 12.00
# Visual Studio Version 16
VisualStudioVersion = 16.0.30907.101
MinimumVisualStudioVersion = 10.0.40219.1
Project("{FAE04EC0-301F-11D3-BF4B-00C04F79EFBC}") = "NoeudInfoDecisionnelle", "NoeudInfoDecisionnelle\NoeudInfoDecisionnelle.csproj", "{BE1CC49B-CB17-4691-A80F-1125A8062876}"
EndProject
Global
	GlobalSection(SolutionConfigurationPlatforms) = preSolution
		Debug|Any CPU = Debug|Any CPU
		Release|Any CPU = Release|Any CPU
	EndGlobalSection
	GlobalSection(ProjectConfigurationPlatforms) = postSolution
		{BE1CC49B-CB17-4691-A80F-1125A8062876}.Debug|Any CPU.ActiveCfg = Debug|Any CPU
		{BE1CC49B-CB17-4691-A80F-1125A8062876}.Debug|Any CPU.Build.0 = Debug|Any CPU
		{BE1CC49B-CB17-4691-A80F-1125A8062876}.Release|Any CPU.ActiveCfg = Release|Any CPU
		{BE1CC49B-CB17-4691-A80F-1125A8062876}.Release|Any CPU.Build.0 = Release|Any CPU
	EndGlobalSection
	GlobalSection(SolutionProperties) = preSolution
		HideSolutionNode = FALSE
	EndGlobalSection
	GlobalSection(ExtensibilityGlobals) = postSolution
		SolutionGuid = {88FEBED0-4C42-4BB8-B24E-F86B369BABC1}
	EndGlobalSection
EndGlobal
